
Microsoft Visual Studio Solution File, Format Version 12.00
# Visual Studio Version 17
VisualStudioVersion = 17.4.33205.214
MinimumVisualStudioVersion = 10.0.40219.1
Project("{9A19103F-16F7-4668-BE54-9A1E7A4F7556}") = "Simple.Objects.ServerMonitor", "Simple.Controls\Simple.Objects.ServerMonitor\Simple.Objects.ServerMonitor.csproj", "{FBA179D1-9581-481D-B5BF-C780B636FCF4}"
EndProject
Project("{9A19103F-16F7-4668-BE54-9A1E7A4F7556}") = "Simple", "..\Simple.Core\Simple\Simple.csproj", "{AA942002-040F-4747-B796-A1114DBB5C3D}"
EndProject
Project("{9A19103F-16F7-4668-BE54-9A1E7A4F7556}") = "Simple.AppContext", "..\Simple.Core\Simple.AppContext\Simple.AppContext.csproj", "{6405FD95-A34F-4389-B7B5-FDA1508BFEA9}"
EndProject
Project("{9A19103F-16F7-4668-BE54-9A1E7A4F7556}") = "Simple.SocketEngine", "Simple.SocketEngine\Simple.SocketEngine.csproj", "{9BD0BD94-BD01-47B6-9359-0649BFAD74EB}"
EndProject
Project("{9A19103F-16F7-4668-BE54-9A1E7A4F7556}") = "Simple.Modeling", "..\Simple.Core\Simple.Modeling\Simple.Modeling.csproj", "{3A38C96D-B1FE-49D0-84C1-0B9E74967DD4}"
EndProject
Project("{9A19103F-16F7-4668-BE54-9A1E7A4F7556}") = "Simple.Serialization", "..\Simple.Core\Simple.Serialization\Simple.Serialization.csproj", "{9E7675EF-FC0E-4313-A1E2-7141D6EC1245}"
EndProject
Project("{9A19103F-16F7-4668-BE54-9A1E7A4F7556}") = "Simple.Collections", "..\Simple.Core\Simple.Collections\Simple.Collections.csproj", "{28B194D1-C585-4B78-BE72-3BD3D84372A2}"
EndProject
Project("{9A19103F-16F7-4668-BE54-9A1E7A4F7556}") = "Simple.Datastore", "..\Simple.Core\Simple.Datastore\Simple.Datastore.csproj", "{A5DD49D4-217E-4260-9A0A-3B3DFE15B5C0}"
EndProject
Project("{9A19103F-16F7-4668-BE54-9A1E7A4F7556}") = "Simple.Objects", "Simple.Objects\Simple.Objects.csproj", "{518B745D-62CF-408A-BEC8-74D7EE248F00}"
EndProject
Project("{9A19103F-16F7-4668-BE54-9A1E7A4F7556}") = "Simple.Controls.TreeList", "Simple.Controls\Simple.Controls.TreeList\Simple.Controls.TreeList.csproj", "{0F664123-F7D0-4116-91CF-12617081DD47}"
EndProject
Project("{2150E333-8FDC-42A3-9474-1A3956D46DE8}") = "SuperSocket", "SuperSocket", "{565768A3-90DF-45D7-8F2D-D6854BF17703}"
EndProject
Project("{9A19103F-16F7-4668-BE54-9A1E7A4F7556}") = "SuperSocket.Primitives", "..\SuperSocket\src\SuperSocket.Primitives\SuperSocket.Primitives.csproj", "{D5B37E10-956C-4115-95CD-94379F49968F}"
EndProject
Project("{9A19103F-16F7-4668-BE54-9A1E7A4F7556}") = "SuperSocket.ProtoBase", "..\SuperSocket\src\SuperSocket.ProtoBase\SuperSocket.ProtoBase.csproj", "{07C87C64-77D4-4FDA-B977-1D2DD906E4B8}"
EndProject
Project("{9A19103F-16F7-4668-BE54-9A1E7A4F7556}") = "SuperSocket.Server", "..\SuperSocket\src\SuperSocket.Server\SuperSocket.Server.csproj", "{3E5EDA85-ECB3-41FB-9EF3-71A0ADAC4F4B}"
EndProject
Project("{9A19103F-16F7-4668-BE54-9A1E7A4F7556}") = "Simple.Objects.Controls", "Simple.Controls\Simple.Objects.Controls\Simple.Objects.Controls.csproj", "{C8B77445-7145-4B8F-AF3A-8EF48015344C}"
EndProject
Project("{9A19103F-16F7-4668-BE54-9A1E7A4F7556}") = "SuperSocket.Client", "..\SuperSocket\src\SuperSocket.Client\SuperSocket.Client.csproj", "{4B99061F-2B6D-4B43-8C68-BC8D443A7719}"
EndProject
Project("{9A19103F-16F7-4668-BE54-9A1E7A4F7556}") = "Simple.Network", "..\Simple.Core\Simple.Network\Simple.Network.csproj", "{19AD8213-7057-4F01-B099-995B3CA29976}"
EndProject
Project("{9A19103F-16F7-4668-BE54-9A1E7A4F7556}") = "Simple.Objects.SocketProtocol", "Simple.Objects.SocketProtocols\Simple.Objects.SocketProtocol\Simple.Objects.SocketProtocol.csproj", "{36E2D10B-1877-449F-AD96-5B35D14B6E99}"
EndProject
Project("{9A19103F-16F7-4668-BE54-9A1E7A4F7556}") = "Simple.Threading", "..\Simple.Core\Simple.Threading\Simple.Threading.csproj", "{B1668656-6653-4958-AB49-D7F15AF42CDD}"
EndProject
Project("{9A19103F-16F7-4668-BE54-9A1E7A4F7556}") = "Simple.Security", "..\Simple.Core\Simple.Security\Simple.Security.csproj", "{0122793A-5218-49CA-AEB7-F761512FFC9F}"
EndProject
Project("{9A19103F-16F7-4668-BE54-9A1E7A4F7556}") = "SuperSocket.Udp", "..\SuperSocket\src\SuperSocket.Udp\SuperSocket.Udp.csproj", "{04AC5827-C5DC-4497-A679-94ECA4C3A151}"
EndProject
Project("{9A19103F-16F7-4668-BE54-9A1E7A4F7556}") = "Simple.Compression", "..\Simple.Core\Simple.Compression\Simple.Compression.csproj", "{20223EFC-A39C-4FD2-B61D-D8FFB39E8738}"
EndProject
Project("{9A19103F-16F7-4668-BE54-9A1E7A4F7556}") = "Simple.Objects.MonitorProtocol", "Simple.Objects.SocketProtocols\Simple.Objects.MonitorProtocol\Simple.Objects.MonitorProtocol.csproj", "{8AD32403-BA84-42EE-9723-BE10AC44C706}"
EndProject
Project("{2150E333-8FDC-42A3-9474-1A3956D46DE8}") = "Simple.Core", "..\Simple.Core", "{FFACEFCF-7AEF-4609-B307-880040F5E148}"
EndProject
Project("{2150E333-8FDC-42A3-9474-1A3956D46DE8}") = "Simple.Controls", "Simple.Controls", "{AB1AF600-8C2A-4CB0-A20D-E220A25419DA}"
EndProject
Project("{2150E333-8FDC-42A3-9474-1A3956D46DE8}") = "Simple.Socketing", "Simple.Socketing", "{DE5EE509-2F36-4598-90B6-C06195BE97DC}"
EndProject
Project("{2150E333-8FDC-42A3-9474-1A3956D46DE8}") = "Simple.Objects", "Simple.Objects", "{CDF3CA93-6799-4EF1-854C-AD828C1A3DD9}"
EndProject
Project("{2150E333-8FDC-42A3-9474-1A3956D46DE8}") = "Simple.Objects.SocketProtocols", "Simple.Objects.SocketProtocols", "{FEAA64E8-65F8-483A-A974-C95DC6BB63D5}"
EndProject
Project("{9A19103F-16F7-4668-BE54-9A1E7A4F7556}") = "Simple.Controls", "Simple.Controls\Simple.Controls\Simple.Controls.csproj", "{8D9D4B4A-4556-4F4C-B3D1-95D960BC5ABA}"
EndProject
Project("{FAE04EC0-301F-11D3-BF4B-00C04F79EFBC}") = "SuperSocket.Connection", "..\SuperSocket\src\SuperSocket.Connection\SuperSocket.Connection.csproj", "{834AC44D-7E76-A939-8C4B-F019B4AE25FE}"
EndProject
Project("{FAE04EC0-301F-11D3-BF4B-00C04F79EFBC}") = "SuperSocket.Server.Abstractions", "..\SuperSocket\src\SuperSocket.Server.Abstractions\SuperSocket.Server.Abstractions.csproj", "{C5B4B096-36FE-969C-1E01-3C0F4EA3F4D4}"
EndProject
Global
	GlobalSection(SolutionConfigurationPlatforms) = preSolution
		Debug|Any CPU = Debug|Any CPU
		Release|Any CPU = Release|Any CPU
	EndGlobalSection
	GlobalSection(ProjectConfigurationPlatforms) = postSolution
		{FBA179D1-9581-481D-B5BF-C780B636FCF4}.Debug|Any CPU.ActiveCfg = Debug|Any CPU
		{FBA179D1-9581-481D-B5BF-C780B636FCF4}.Debug|Any CPU.Build.0 = Debug|Any CPU
		{FBA179D1-9581-481D-B5BF-C780B636FCF4}.Release|Any CPU.ActiveCfg = Release|Any CPU
		{FBA179D1-9581-481D-B5BF-C780B636FCF4}.Release|Any CPU.Build.0 = Release|Any CPU
		{AA942002-040F-4747-B796-A1114DBB5C3D}.Debug|Any CPU.ActiveCfg = Debug|Any CPU
		{AA942002-040F-4747-B796-A1114DBB5C3D}.Debug|Any CPU.Build.0 = Debug|Any CPU
		{AA942002-040F-4747-B796-A1114DBB5C3D}.Release|Any CPU.ActiveCfg = Release|Any CPU
		{AA942002-040F-4747-B796-A1114DBB5C3D}.Release|Any CPU.Build.0 = Release|Any CPU
		{6405FD95-A34F-4389-B7B5-FDA1508BFEA9}.Debug|Any CPU.ActiveCfg = Debug|Any CPU
		{6405FD95-A34F-4389-B7B5-FDA1508BFEA9}.Debug|Any CPU.Build.0 = Debug|Any CPU
		{6405FD95-A34F-4389-B7B5-FDA1508BFEA9}.Release|Any CPU.ActiveCfg = Release|Any CPU
		{6405FD95-A34F-4389-B7B5-FDA1508BFEA9}.Release|Any CPU.Build.0 = Release|Any CPU
		{9BD0BD94-BD01-47B6-9359-0649BFAD74EB}.Debug|Any CPU.ActiveCfg = Debug|Any CPU
		{9BD0BD94-BD01-47B6-9359-0649BFAD74EB}.Debug|Any CPU.Build.0 = Debug|Any CPU
		{9BD0BD94-BD01-47B6-9359-0649BFAD74EB}.Release|Any CPU.ActiveCfg = Release|Any CPU
		{9BD0BD94-BD01-47B6-9359-0649BFAD74EB}.Release|Any CPU.Build.0 = Release|Any CPU
		{3A38C96D-B1FE-49D0-84C1-0B9E74967DD4}.Debug|Any CPU.ActiveCfg = Debug|Any CPU
		{3A38C96D-B1FE-49D0-84C1-0B9E74967DD4}.Debug|Any CPU.Build.0 = Debug|Any CPU
		{3A38C96D-B1FE-49D0-84C1-0B9E74967DD4}.Release|Any CPU.ActiveCfg = Release|Any CPU
		{3A38C96D-B1FE-49D0-84C1-0B9E74967DD4}.Release|Any CPU.Build.0 = Release|Any CPU
		{9E7675EF-FC0E-4313-A1E2-7141D6EC1245}.Debug|Any CPU.ActiveCfg = Debug|Any CPU
		{9E7675EF-FC0E-4313-A1E2-7141D6EC1245}.Debug|Any CPU.Build.0 = Debug|Any CPU
		{9E7675EF-FC0E-4313-A1E2-7141D6EC1245}.Release|Any CPU.ActiveCfg = Release|Any CPU
		{9E7675EF-FC0E-4313-A1E2-7141D6EC1245}.Release|Any CPU.Build.0 = Release|Any CPU
		{28B194D1-C585-4B78-BE72-3BD3D84372A2}.Debug|Any CPU.ActiveCfg = Debug|Any CPU
		{28B194D1-C585-4B78-BE72-3BD3D84372A2}.Debug|Any CPU.Build.0 = Debug|Any CPU
		{28B194D1-C585-4B78-BE72-3BD3D84372A2}.Release|Any CPU.ActiveCfg = Release|Any CPU
		{28B194D1-C585-4B78-BE72-3BD3D84372A2}.Release|Any CPU.Build.0 = Release|Any CPU
		{A5DD49D4-217E-4260-9A0A-3B3DFE15B5C0}.Debug|Any CPU.ActiveCfg = Debug|Any CPU
		{A5DD49D4-217E-4260-9A0A-3B3DFE15B5C0}.Debug|Any CPU.Build.0 = Debug|Any CPU
		{A5DD49D4-217E-4260-9A0A-3B3DFE15B5C0}.Release|Any CPU.ActiveCfg = Release|Any CPU
		{A5DD49D4-217E-4260-9A0A-3B3DFE15B5C0}.Release|Any CPU.Build.0 = Release|Any CPU
		{518B745D-62CF-408A-BEC8-74D7EE248F00}.Debug|Any CPU.ActiveCfg = Debug|Any CPU
		{518B745D-62CF-408A-BEC8-74D7EE248F00}.Debug|Any CPU.Build.0 = Debug|Any CPU
		{518B745D-62CF-408A-BEC8-74D7EE248F00}.Release|Any CPU.ActiveCfg = Release|Any CPU
		{518B745D-62CF-408A-BEC8-74D7EE248F00}.Release|Any CPU.Build.0 = Release|Any CPU
		{0F664123-F7D0-4116-91CF-12617081DD47}.Debug|Any CPU.ActiveCfg = Debug|Any CPU
		{0F664123-F7D0-4116-91CF-12617081DD47}.Debug|Any CPU.Build.0 = Debug|Any CPU
		{0F664123-F7D0-4116-91CF-12617081DD47}.Release|Any CPU.ActiveCfg = Release|Any CPU
		{0F664123-F7D0-4116-91CF-12617081DD47}.Release|Any CPU.Build.0 = Release|Any CPU
		{D5B37E10-956C-4115-95CD-94379F49968F}.Debug|Any CPU.ActiveCfg = Debug|Any CPU
		{D5B37E10-956C-4115-95CD-94379F49968F}.Debug|Any CPU.Build.0 = Debug|Any CPU
		{D5B37E10-956C-4115-95CD-94379F49968F}.Release|Any CPU.ActiveCfg = Release|Any CPU
		{D5B37E10-956C-4115-95CD-94379F49968F}.Release|Any CPU.Build.0 = Release|Any CPU
		{07C87C64-77D4-4FDA-B977-1D2DD906E4B8}.Debug|Any CPU.ActiveCfg = Debug|Any CPU
		{07C87C64-77D4-4FDA-B977-1D2DD906E4B8}.Debug|Any CPU.Build.0 = Debug|Any CPU
		{07C87C64-77D4-4FDA-B977-1D2DD906E4B8}.Release|Any CPU.ActiveCfg = Release|Any CPU
		{07C87C64-77D4-4FDA-B977-1D2DD906E4B8}.Release|Any CPU.Build.0 = Release|Any CPU
		{3E5EDA85-ECB3-41FB-9EF3-71A0ADAC4F4B}.Debug|Any CPU.ActiveCfg = Debug|Any CPU
		{3E5EDA85-ECB3-41FB-9EF3-71A0ADAC4F4B}.Debug|Any CPU.Build.0 = Debug|Any CPU
		{3E5EDA85-ECB3-41FB-9EF3-71A0ADAC4F4B}.Release|Any CPU.ActiveCfg = Release|Any CPU
		{3E5EDA85-ECB3-41FB-9EF3-71A0ADAC4F4B}.Release|Any CPU.Build.0 = Release|Any CPU
		{C8B77445-7145-4B8F-AF3A-8EF48015344C}.Debug|Any CPU.ActiveCfg = Debug|Any CPU
		{C8B77445-7145-4B8F-AF3A-8EF48015344C}.Debug|Any CPU.Build.0 = Debug|Any CPU
		{C8B77445-7145-4B8F-AF3A-8EF48015344C}.Release|Any CPU.ActiveCfg = Release|Any CPU
		{C8B77445-7145-4B8F-AF3A-8EF48015344C}.Release|Any CPU.Build.0 = Release|Any CPU
		{4B99061F-2B6D-4B43-8C68-BC8D443A7719}.Debug|Any CPU.ActiveCfg = Debug|Any CPU
		{4B99061F-2B6D-4B43-8C68-BC8D443A7719}.Debug|Any CPU.Build.0 = Debug|Any CPU
		{4B99061F-2B6D-4B43-8C68-BC8D443A7719}.Release|Any CPU.ActiveCfg = Release|Any CPU
		{4B99061F-2B6D-4B43-8C68-BC8D443A7719}.Release|Any CPU.Build.0 = Release|Any CPU
		{19AD8213-7057-4F01-B099-995B3CA29976}.Debug|Any CPU.ActiveCfg = Debug|Any CPU
		{19AD8213-7057-4F01-B099-995B3CA29976}.Debug|Any CPU.Build.0 = Debug|Any CPU
		{19AD8213-7057-4F01-B099-995B3CA29976}.Release|Any CPU.ActiveCfg = Release|Any CPU
		{19AD8213-7057-4F01-B099-995B3CA29976}.Release|Any CPU.Build.0 = Release|Any CPU
		{36E2D10B-1877-449F-AD96-5B35D14B6E99}.Debug|Any CPU.ActiveCfg = Debug|Any CPU
		{36E2D10B-1877-449F-AD96-5B35D14B6E99}.Debug|Any CPU.Build.0 = Debug|Any CPU
		{36E2D10B-1877-449F-AD96-5B35D14B6E99}.Release|Any CPU.ActiveCfg = Release|Any CPU
		{36E2D10B-1877-449F-AD96-5B35D14B6E99}.Release|Any CPU.Build.0 = Release|Any CPU
		{B1668656-6653-4958-AB49-D7F15AF42CDD}.Debug|Any CPU.ActiveCfg = Debug|Any CPU
		{B1668656-6653-4958-AB49-D7F15AF42CDD}.Debug|Any CPU.Build.0 = Debug|Any CPU
		{B1668656-6653-4958-AB49-D7F15AF42CDD}.Release|Any CPU.ActiveCfg = Release|Any CPU
		{B1668656-6653-4958-AB49-D7F15AF42CDD}.Release|Any CPU.Build.0 = Release|Any CPU
		{0122793A-5218-49CA-AEB7-F761512FFC9F}.Debug|Any CPU.ActiveCfg = Debug|Any CPU
		{0122793A-5218-49CA-AEB7-F761512FFC9F}.Debug|Any CPU.Build.0 = Debug|Any CPU
		{0122793A-5218-49CA-AEB7-F761512FFC9F}.Release|Any CPU.ActiveCfg = Release|Any CPU
		{0122793A-5218-49CA-AEB7-F761512FFC9F}.Release|Any CPU.Build.0 = Release|Any CPU
		{04AC5827-C5DC-4497-A679-94ECA4C3A151}.Debug|Any CPU.ActiveCfg = Debug|Any CPU
		{04AC5827-C5DC-4497-A679-94ECA4C3A151}.Debug|Any CPU.Build.0 = Debug|Any CPU
		{04AC5827-C5DC-4497-A679-94ECA4C3A151}.Release|Any CPU.ActiveCfg = Release|Any CPU
		{04AC5827-C5DC-4497-A679-94ECA4C3A151}.Release|Any CPU.Build.0 = Release|Any CPU
		{20223EFC-A39C-4FD2-B61D-D8FFB39E8738}.Debug|Any CPU.ActiveCfg = Debug|Any CPU
		{20223EFC-A39C-4FD2-B61D-D8FFB39E8738}.Debug|Any CPU.Build.0 = Debug|Any CPU
		{20223EFC-A39C-4FD2-B61D-D8FFB39E8738}.Release|Any CPU.ActiveCfg = Release|Any CPU
		{20223EFC-A39C-4FD2-B61D-D8FFB39E8738}.Release|Any CPU.Build.0 = Release|Any CPU
		{8AD32403-BA84-42EE-9723-BE10AC44C706}.Debug|Any CPU.ActiveCfg = Debug|Any CPU
		{8AD32403-BA84-42EE-9723-BE10AC44C706}.Debug|Any CPU.Build.0 = Debug|Any CPU
		{8AD32403-BA84-42EE-9723-BE10AC44C706}.Release|Any CPU.ActiveCfg = Release|Any CPU
		{8AD32403-BA84-42EE-9723-BE10AC44C706}.Release|Any CPU.Build.0 = Release|Any CPU
		{8D9D4B4A-4556-4F4C-B3D1-95D960BC5ABA}.Debug|Any CPU.ActiveCfg = Debug|Any CPU
		{8D9D4B4A-4556-4F4C-B3D1-95D960BC5ABA}.Debug|Any CPU.Build.0 = Debug|Any CPU
		{8D9D4B4A-4556-4F4C-B3D1-95D960BC5ABA}.Release|Any CPU.ActiveCfg = Release|Any CPU
		{8D9D4B4A-4556-4F4C-B3D1-95D960BC5ABA}.Release|Any CPU.Build.0 = Release|Any CPU
		{834AC44D-7E76-A939-8C4B-F019B4AE25FE}.Debug|Any CPU.ActiveCfg = Debug|Any CPU
		{834AC44D-7E76-A939-8C4B-F019B4AE25FE}.Debug|Any CPU.Build.0 = Debug|Any CPU
		{834AC44D-7E76-A939-8C4B-F019B4AE25FE}.Release|Any CPU.ActiveCfg = Release|Any CPU
		{834AC44D-7E76-A939-8C4B-F019B4AE25FE}.Release|Any CPU.Build.0 = Release|Any CPU
		{C5B4B096-36FE-969C-1E01-3C0F4EA3F4D4}.Debug|Any CPU.ActiveCfg = Debug|Any CPU
		{C5B4B096-36FE-969C-1E01-3C0F4EA3F4D4}.Debug|Any CPU.Build.0 = Debug|Any CPU
		{C5B4B096-36FE-969C-1E01-3C0F4EA3F4D4}.Release|Any CPU.ActiveCfg = Release|Any CPU
		{C5B4B096-36FE-969C-1E01-3C0F4EA3F4D4}.Release|Any CPU.Build.0 = Release|Any CPU
	EndGlobalSection
	GlobalSection(SolutionProperties) = preSolution
		HideSolutionNode = FALSE
	EndGlobalSection
	GlobalSection(NestedProjects) = preSolution
		{FBA179D1-9581-481D-B5BF-C780B636FCF4} = {AB1AF600-8C2A-4CB0-A20D-E220A25419DA}
		{AA942002-040F-4747-B796-A1114DBB5C3D} = {FFACEFCF-7AEF-4609-B307-880040F5E148}
		{6405FD95-A34F-4389-B7B5-FDA1508BFEA9} = {FFACEFCF-7AEF-4609-B307-880040F5E148}
		{9BD0BD94-BD01-47B6-9359-0649BFAD74EB} = {DE5EE509-2F36-4598-90B6-C06195BE97DC}
		{3A38C96D-B1FE-49D0-84C1-0B9E74967DD4} = {FFACEFCF-7AEF-4609-B307-880040F5E148}
		{9E7675EF-FC0E-4313-A1E2-7141D6EC1245} = {FFACEFCF-7AEF-4609-B307-880040F5E148}
		{28B194D1-C585-4B78-BE72-3BD3D84372A2} = {FFACEFCF-7AEF-4609-B307-880040F5E148}
		{A5DD49D4-217E-4260-9A0A-3B3DFE15B5C0} = {FFACEFCF-7AEF-4609-B307-880040F5E148}
		{518B745D-62CF-408A-BEC8-74D7EE248F00} = {CDF3CA93-6799-4EF1-854C-AD828C1A3DD9}
		{0F664123-F7D0-4116-91CF-12617081DD47} = {AB1AF600-8C2A-4CB0-A20D-E220A25419DA}
		{D5B37E10-956C-4115-95CD-94379F49968F} = {565768A3-90DF-45D7-8F2D-D6854BF17703}
		{07C87C64-77D4-4FDA-B977-1D2DD906E4B8} = {565768A3-90DF-45D7-8F2D-D6854BF17703}
		{3E5EDA85-ECB3-41FB-9EF3-71A0ADAC4F4B} = {565768A3-90DF-45D7-8F2D-D6854BF17703}
		{C8B77445-7145-4B8F-AF3A-8EF48015344C} = {AB1AF600-8C2A-4CB0-A20D-E220A25419DA}
		{4B99061F-2B6D-4B43-8C68-BC8D443A7719} = {565768A3-90DF-45D7-8F2D-D6854BF17703}
		{19AD8213-7057-4F01-B099-995B3CA29976} = {FFACEFCF-7AEF-4609-B307-880040F5E148}
		{36E2D10B-1877-449F-AD96-5B35D14B6E99} = {FEAA64E8-65F8-483A-A974-C95DC6BB63D5}
		{B1668656-6653-4958-AB49-D7F15AF42CDD} = {FFACEFCF-7AEF-4609-B307-880040F5E148}
		{0122793A-5218-49CA-AEB7-F761512FFC9F} = {FFACEFCF-7AEF-4609-B307-880040F5E148}
		{04AC5827-C5DC-4497-A679-94ECA4C3A151} = {565768A3-90DF-45D7-8F2D-D6854BF17703}
		{20223EFC-A39C-4FD2-B61D-D8FFB39E8738} = {FFACEFCF-7AEF-4609-B307-880040F5E148}
		{8AD32403-BA84-42EE-9723-BE10AC44C706} = {FEAA64E8-65F8-483A-A974-C95DC6BB63D5}
		{8D9D4B4A-4556-4F4C-B3D1-95D960BC5ABA} = {AB1AF600-8C2A-4CB0-A20D-E220A25419DA}
		{834AC44D-7E76-A939-8C4B-F019B4AE25FE} = {565768A3-90DF-45D7-8F2D-D6854BF17703}
		{C5B4B096-36FE-969C-1E01-3C0F4EA3F4D4} = {565768A3-90DF-45D7-8F2D-D6854BF17703}
	EndGlobalSection
	GlobalSection(ExtensibilityGlobals) = postSolution
		SolutionGuid = {02B391BB-FB8B-4E41-A6A3-155550835ECB}
	EndGlobalSection
EndGlobal
