Microsoft Visual Studio Solution File, Format Version 12.00
# Visual Studio Version 17
VisualStudioVersion = 17.6.33829.357
MinimumVisualStudioVersion = 10.0.40219.1
Project("{9A19103F-16F7-4668-BE54-9A1E7A4F7556}") = "Simple", "Simple\Simple.csproj", "{3F6A935C-71D8-49A7-AA0E-DE026DDF3127}"
EndProject
Project("{2150E333-8FDC-42A3-9474-1A3956D46DE8}") = "Solution Items", "Solution Items", "{F383EC26-5C73-4F1A-B404-B24745D23DDA}"
	ProjectSection(SolutionItems) = preProject
		Solution Items\GlobalAssemblyInfo.cs = Solution Items\GlobalAssemblyInfo.cs
		Solution Items\SimpleLibVersionInfo.txt = Solution Items\SimpleLibVersionInfo.txt
	EndProjectSection
EndProject
Project("{9A19103F-16F7-4668-BE54-9A1E7A4F7556}") = "Simple.Collections", "Simple.Collections\Simple.Collections.csproj", "{17615B22-E403-4D73-ADC7-B12B72F5801B}"
EndProject
Project("{9A19103F-16F7-4668-BE54-9A1E7A4F7556}") = "Simple.Network", "Simple.Network\Simple.Network.csproj", "{A1797A77-196A-4105-B051-CEFD17C36BA3}"
EndProject
Project("{2150E333-8FDC-42A3-9474-1A3956D46DE8}") = "Repos", "Repos", "{A6235E4C-7239-4D8B-9928-525A53896892}"
EndProject
Project("{2150E333-8FDC-42A3-9474-1A3956D46DE8}") = "SharpSnmpLib", "SharpSnmpLib", "{1E46B765-3D0B-4B22-A288-AD5A14D7BC66}"
EndProject
Project("{2150E333-8FDC-42A3-9474-1A3956D46DE8}") = "HtmlAgilityPack", "HtmlAgilityPack", "{D8100CF7-E7C4-4788-8F39-2F2E8FE30258}"
EndProject
Project("{9A19103F-16F7-4668-BE54-9A1E7A4F7556}") = "HtmlAgilityPack", "..\Repos\HtmlAgilityPack\HtmlAgilityPack.csproj", "{B2381536-725D-4150-A209-DA777EEEB94F}"
EndProject
Project("{2150E333-8FDC-42A3-9474-1A3956D46DE8}") = "Routrek.Granados", "Routrek.Granados", "{035191F2-D0C8-4B60-8D0B-C0E942289171}"
EndProject
Project("{9A19103F-16F7-4668-BE54-9A1E7A4F7556}") = "Routrek.Granados", "..\Repos\Routrek.Granados\Routrek.Granados.csproj", "{CDE4B12B-6F76-415C-A577-9B6F41705B9A}"
EndProject
Project("{9A19103F-16F7-4668-BE54-9A1E7A4F7556}") = "Simple.Threading", "Simple.Threading\Simple.Threading.csproj", "{A78A6150-F912-4990-B5D0-1A4E1A332B62}"
EndProject
Project("{2150E333-8FDC-42A3-9474-1A3956D46DE8}") = "SSH.Net", "SSH.Net", "{2AB28B56-43AF-4E9C-B461-122A74CE2DB5}"
EndProject
Project("{9A19103F-16F7-4668-BE54-9A1E7A4F7556}") = "Renci.SshNet", "..\Repos\SSH.NET\src\Renci.SshNet\Renci.SshNet.csproj", "{E48EACAC-FDBC-4ED4-A77F-B9701188FC71}"
EndProject
Project("{9A19103F-16F7-4668-BE54-9A1E7A4F7556}") = "SshNet.Security.Cryptography.NETStandard", "..\Repos\SshNet.Security.Cryptography\src\SshNet.Security.Cryptography.NETStandard\SshNet.Security.Cryptography.NETStandard.csproj", "{408953DF-19A0-4D9E-81DA-D093F846DF65}"
EndProject
Project("{9A19103F-16F7-4668-BE54-9A1E7A4F7556}") = "SharpSnmpLib", "..\Repos\SharpSnmpLib\SharpSnmpLib\SharpSnmpLib.csproj", "{3CF873E0-2996-468F-A2C0-C57F42B61EAE}"
EndProject
Global
	GlobalSection(SolutionConfigurationPlatforms) = preSolution
		Debug|Any CPU = Debug|Any CPU
		Release|Any CPU = Release|Any CPU
	EndGlobalSection
	GlobalSection(ProjectConfigurationPlatforms) = postSolution
		{3F6A935C-71D8-49A7-AA0E-DE026DDF3127}.Debug|Any CPU.ActiveCfg = Debug|Any CPU
		{3F6A935C-71D8-49A7-AA0E-DE026DDF3127}.Debug|Any CPU.Build.0 = Debug|Any CPU
		{3F6A935C-71D8-49A7-AA0E-DE026DDF3127}.Release|Any CPU.ActiveCfg = Release|Any CPU
		{3F6A935C-71D8-49A7-AA0E-DE026DDF3127}.Release|Any CPU.Build.0 = Release|Any CPU
		{17615B22-E403-4D73-ADC7-B12B72F5801B}.Debug|Any CPU.ActiveCfg = Debug|Any CPU
		{17615B22-E403-4D73-ADC7-B12B72F5801B}.Debug|Any CPU.Build.0 = Debug|Any CPU
		{17615B22-E403-4D73-ADC7-B12B72F5801B}.Release|Any CPU.ActiveCfg = Release|Any CPU
		{17615B22-E403-4D73-ADC7-B12B72F5801B}.Release|Any CPU.Build.0 = Release|Any CPU
		{A1797A77-196A-4105-B051-CEFD17C36BA3}.Debug|Any CPU.ActiveCfg = Debug|Any CPU
		{A1797A77-196A-4105-B051-CEFD17C36BA3}.Debug|Any CPU.Build.0 = Debug|Any CPU
		{A1797A77-196A-4105-B051-CEFD17C36BA3}.Release|Any CPU.ActiveCfg = Release|Any CPU
		{A1797A77-196A-4105-B051-CEFD17C36BA3}.Release|Any CPU.Build.0 = Release|Any CPU
		{B2381536-725D-4150-A209-DA777EEEB94F}.Debug|Any CPU.ActiveCfg = Debug|Any CPU
		{B2381536-725D-4150-A209-DA777EEEB94F}.Debug|Any CPU.Build.0 = Debug|Any CPU
		{B2381536-725D-4150-A209-DA777EEEB94F}.Release|Any CPU.ActiveCfg = Release|Any CPU
		{B2381536-725D-4150-A209-DA777EEEB94F}.Release|Any CPU.Build.0 = Release|Any CPU
		{CDE4B12B-6F76-415C-A577-9B6F41705B9A}.Debug|Any CPU.ActiveCfg = Debug|Any CPU
		{CDE4B12B-6F76-415C-A577-9B6F41705B9A}.Debug|Any CPU.Build.0 = Debug|Any CPU
		{CDE4B12B-6F76-415C-A577-9B6F41705B9A}.Release|Any CPU.ActiveCfg = Release|Any CPU
		{CDE4B12B-6F76-415C-A577-9B6F41705B9A}.Release|Any CPU.Build.0 = Release|Any CPU
		{A78A6150-F912-4990-B5D0-1A4E1A332B62}.Debug|Any CPU.ActiveCfg = Debug|Any CPU
		{A78A6150-F912-4990-B5D0-1A4E1A332B62}.Debug|Any CPU.Build.0 = Debug|Any CPU
		{A78A6150-F912-4990-B5D0-1A4E1A332B62}.Release|Any CPU.ActiveCfg = Release|Any CPU
		{A78A6150-F912-4990-B5D0-1A4E1A332B62}.Release|Any CPU.Build.0 = Release|Any CPU
		{E48EACAC-FDBC-4ED4-A77F-B9701188FC71}.Debug|Any CPU.ActiveCfg = Debug|Any CPU
		{E48EACAC-FDBC-4ED4-A77F-B9701188FC71}.Debug|Any CPU.Build.0 = Debug|Any CPU
		{E48EACAC-FDBC-4ED4-A77F-B9701188FC71}.Release|Any CPU.ActiveCfg = Release|Any CPU
		{E48EACAC-FDBC-4ED4-A77F-B9701188FC71}.Release|Any CPU.Build.0 = Release|Any CPU
		{408953DF-19A0-4D9E-81DA-D093F846DF65}.Debug|Any CPU.ActiveCfg = Debug|Any CPU
		{408953DF-19A0-4D9E-81DA-D093F846DF65}.Debug|Any CPU.Build.0 = Debug|Any CPU
		{408953DF-19A0-4D9E-81DA-D093F846DF65}.Release|Any CPU.ActiveCfg = Release|Any CPU
		{408953DF-19A0-4D9E-81DA-D093F846DF65}.Release|Any CPU.Build.0 = Release|Any CPU
		{3CF873E0-2996-468F-A2C0-C57F42B61EAE}.Debug|Any CPU.ActiveCfg = Debug|Any CPU
		{3CF873E0-2996-468F-A2C0-C57F42B61EAE}.Debug|Any CPU.Build.0 = Debug|Any CPU
		{3CF873E0-2996-468F-A2C0-C57F42B61EAE}.Release|Any CPU.ActiveCfg = Release|Any CPU
		{3CF873E0-2996-468F-A2C0-C57F42B61EAE}.Release|Any CPU.Build.0 = Release|Any CPU
	EndGlobalSection
	GlobalSection(SolutionProperties) = preSolution
		HideSolutionNode = FALSE
	EndGlobalSection
	GlobalSection(NestedProjects) = preSolution
		{1E46B765-3D0B-4B22-A288-AD5A14D7BC66} = {A6235E4C-7239-4D8B-9928-525A53896892}
		{D8100CF7-E7C4-4788-8F39-2F2E8FE30258} = {A6235E4C-7239-4D8B-9928-525A53896892}
		{B2381536-725D-4150-A209-DA777EEEB94F} = {D8100CF7-E7C4-4788-8F39-2F2E8FE30258}
		{035191F2-D0C8-4B60-8D0B-C0E942289171} = {A6235E4C-7239-4D8B-9928-525A53896892}
		{CDE4B12B-6F76-415C-A577-9B6F41705B9A} = {035191F2-D0C8-4B60-8D0B-C0E942289171}
		{2AB28B56-43AF-4E9C-B461-122A74CE2DB5} = {A6235E4C-7239-4D8B-9928-525A53896892}
		{E48EACAC-FDBC-4ED4-A77F-B9701188FC71} = {2AB28B56-43AF-4E9C-B461-122A74CE2DB5}
		{408953DF-19A0-4D9E-81DA-D093F846DF65} = {2AB28B56-43AF-4E9C-B461-122A74CE2DB5}
		{3CF873E0-2996-468F-A2C0-C57F42B61EAE} = {1E46B765-3D0B-4B22-A288-AD5A14D7BC66}
	EndGlobalSection
	GlobalSection(ExtensibilityGlobals) = postSolution
		SolutionGuid = {2EE407B8-73B7-4F8C-8CEB-241868830CC1}
	EndGlobalSection
	GlobalSection(SharedMSBuildProjectFiles) = preSolution
		..\Repos\SshNet.Security.Cryptography\src\SshNet.Security.Cryptography.Shared\SshNet.Security.Cryptography.Shared.projitems*{408953df-19a0-4d9e-81da-d093f846df65}*SharedItemsImports = 5
	EndGlobalSection
EndGlobal
