Microsoft Visual Studio Solution File, Format Version 12.00
# Visual Studio Version 17
VisualStudioVersion = 17.1.32210.238
MinimumVisualStudioVersion = 10.0.40219.1
Project("{9A19103F-16F7-4668-BE54-9A1E7A4F7556}") = "Simple", "Simple\Simple.csproj", "{3F6A935C-71D8-49A7-AA0E-DE026DDF3127}"
EndProject
Project("{2150E333-8FDC-42A3-9474-1A3956D46DE8}") = "Solution Items", "Solution Items", "{F383EC26-5C73-4F1A-B404-B24745D23DDA}"
	ProjectSection(SolutionItems) = preProject
		Solution Items\GlobalAssemblyInfo.cs = Solution Items\GlobalAssemblyInfo.cs
		Solution Items\SimpleLibVersionInfo.txt = Solution Items\SimpleLibVersionInfo.txt
	EndProjectSection
EndProject
Project("{9A19103F-16F7-4668-BE54-9A1E7A4F7556}") = "Simple.Datastore", "Simple.Datastore\Simple.Datastore.csproj", "{93CC9DF3-428A-40DC-A246-372DB8719518}"
EndProject
Project("{9A19103F-16F7-4668-BE54-9A1E7A4F7556}") = "Simple.Serialization", "Simple.Serialization\Simple.Serialization.csproj", "{3B4C2769-7B2A-481C-975D-F8B81408FE78}"
EndProject
Project("{9A19103F-16F7-4668-BE54-9A1E7A4F7556}") = "Simple.Collections", "Simple.Collections\Simple.Collections.csproj", "{DDDAB03D-287E-467F-8640-746856EFB14F}"
EndProject
Project("{9A19103F-16F7-4668-BE54-9A1E7A4F7556}") = "Simple.Security", "Simple.Security\Simple.Security.csproj", "{6042EEDF-3D8C-495A-B78B-5CE13F621D5F}"
EndProject
Project("{9A19103F-16F7-4668-BE54-9A1E7A4F7556}") = "Simple.Modeling", "Simple.Modeling\Simple.Modeling.csproj", "{08FABA99-3414-47C8-B5D7-1A1C265DF00D}"
EndProject
Project("{9A19103F-16F7-4668-BE54-9A1E7A4F7556}") = "Simple.Datastore.SqlServer", "Simple.Datastore.SqlServer\Simple.Datastore.SqlServer.csproj", "{15455D28-B56E-41D9-876B-6DEBCB0C0B28}"
EndProject
Project("{9A19103F-16F7-4668-BE54-9A1E7A4F7556}") = "Simple.Datastore.Console", "Simple.Datastore.Console\Simple.Datastore.Console.csproj", "{BB2DA10C-54EC-40D1-AED7-C1665DDBC195}"
EndProject
Project("{9A19103F-16F7-4668-BE54-9A1E7A4F7556}") = "Simple.Datastore.Controls", "Simple.Datastore.Controls\Simple.Datastore.Controls.csproj", "{67A78863-594E-4EC5-B2C7-C663F59F35E4}"
EndProject
Project("{9A19103F-16F7-4668-BE54-9A1E7A4F7556}") = "Simple.AppContext", "Simple.AppContext\Simple.AppContext.csproj", "{5E934F3B-2384-4939-8FF6-49F3A6E9776A}"
EndProject
Project("{9A19103F-16F7-4668-BE54-9A1E7A4F7556}") = "Simple.Network", "Simple.Network\Simple.Network.csproj", "{DDAA86AC-DA04-400D-AB61-D8757E945668}"
EndProject
Project("{9A19103F-16F7-4668-BE54-9A1E7A4F7556}") = "Simple.Datastore.Backup", "Simple.Datastore.Backup\Simple.Datastore.Backup.csproj", "{15C8101D-D687-43E6-A49D-BFB7011B174C}"
EndProject
Project("{9A19103F-16F7-4668-BE54-9A1E7A4F7556}") = "Simple.Datastore.Restore", "Simple.Datastore.Restore\Simple.Datastore.Restore.csproj", "{F9BF908F-F050-403D-8AD0-13F7DE1CB3FC}"
EndProject
Global
	GlobalSection(SolutionConfigurationPlatforms) = preSolution
		Debug|Any CPU = Debug|Any CPU
		Release|Any CPU = Release|Any CPU
	EndGlobalSection
	GlobalSection(ProjectConfigurationPlatforms) = postSolution
		{3F6A935C-71D8-49A7-AA0E-DE026DDF3127}.Debug|Any CPU.ActiveCfg = Debug|Any CPU
		{3F6A935C-71D8-49A7-AA0E-DE026DDF3127}.Debug|Any CPU.Build.0 = Debug|Any CPU
		{3F6A935C-71D8-49A7-AA0E-DE026DDF3127}.Release|Any CPU.ActiveCfg = Release|Any CPU
		{3F6A935C-71D8-49A7-AA0E-DE026DDF3127}.Release|Any CPU.Build.0 = Release|Any CPU
		{93CC9DF3-428A-40DC-A246-372DB8719518}.Debug|Any CPU.ActiveCfg = Debug|Any CPU
		{93CC9DF3-428A-40DC-A246-372DB8719518}.Debug|Any CPU.Build.0 = Debug|Any CPU
		{93CC9DF3-428A-40DC-A246-372DB8719518}.Release|Any CPU.ActiveCfg = Release|Any CPU
		{93CC9DF3-428A-40DC-A246-372DB8719518}.Release|Any CPU.Build.0 = Release|Any CPU
		{3B4C2769-7B2A-481C-975D-F8B81408FE78}.Debug|Any CPU.ActiveCfg = Debug|Any CPU
		{3B4C2769-7B2A-481C-975D-F8B81408FE78}.Debug|Any CPU.Build.0 = Debug|Any CPU
		{3B4C2769-7B2A-481C-975D-F8B81408FE78}.Release|Any CPU.ActiveCfg = Release|Any CPU
		{3B4C2769-7B2A-481C-975D-F8B81408FE78}.Release|Any CPU.Build.0 = Release|Any CPU
		{DDDAB03D-287E-467F-8640-746856EFB14F}.Debug|Any CPU.ActiveCfg = Debug|Any CPU
		{DDDAB03D-287E-467F-8640-746856EFB14F}.Debug|Any CPU.Build.0 = Debug|Any CPU
		{DDDAB03D-287E-467F-8640-746856EFB14F}.Release|Any CPU.ActiveCfg = Release|Any CPU
		{DDDAB03D-287E-467F-8640-746856EFB14F}.Release|Any CPU.Build.0 = Release|Any CPU
		{6042EEDF-3D8C-495A-B78B-5CE13F621D5F}.Debug|Any CPU.ActiveCfg = Debug|Any CPU
		{6042EEDF-3D8C-495A-B78B-5CE13F621D5F}.Debug|Any CPU.Build.0 = Debug|Any CPU
		{6042EEDF-3D8C-495A-B78B-5CE13F621D5F}.Release|Any CPU.ActiveCfg = Release|Any CPU
		{6042EEDF-3D8C-495A-B78B-5CE13F621D5F}.Release|Any CPU.Build.0 = Release|Any CPU
		{08FABA99-3414-47C8-B5D7-1A1C265DF00D}.Debug|Any CPU.ActiveCfg = Debug|Any CPU
		{08FABA99-3414-47C8-B5D7-1A1C265DF00D}.Debug|Any CPU.Build.0 = Debug|Any CPU
		{08FABA99-3414-47C8-B5D7-1A1C265DF00D}.Release|Any CPU.ActiveCfg = Release|Any CPU
		{08FABA99-3414-47C8-B5D7-1A1C265DF00D}.Release|Any CPU.Build.0 = Release|Any CPU
		{15455D28-B56E-41D9-876B-6DEBCB0C0B28}.Debug|Any CPU.ActiveCfg = Debug|Any CPU
		{15455D28-B56E-41D9-876B-6DEBCB0C0B28}.Debug|Any CPU.Build.0 = Debug|Any CPU
		{15455D28-B56E-41D9-876B-6DEBCB0C0B28}.Release|Any CPU.ActiveCfg = Release|Any CPU
		{15455D28-B56E-41D9-876B-6DEBCB0C0B28}.Release|Any CPU.Build.0 = Release|Any CPU
		{BB2DA10C-54EC-40D1-AED7-C1665DDBC195}.Debug|Any CPU.ActiveCfg = Debug|Any CPU
		{BB2DA10C-54EC-40D1-AED7-C1665DDBC195}.Debug|Any CPU.Build.0 = Debug|Any CPU
		{BB2DA10C-54EC-40D1-AED7-C1665DDBC195}.Release|Any CPU.ActiveCfg = Release|Any CPU
		{BB2DA10C-54EC-40D1-AED7-C1665DDBC195}.Release|Any CPU.Build.0 = Release|Any CPU
		{67A78863-594E-4EC5-B2C7-C663F59F35E4}.Debug|Any CPU.ActiveCfg = Debug|Any CPU
		{67A78863-594E-4EC5-B2C7-C663F59F35E4}.Debug|Any CPU.Build.0 = Debug|Any CPU
		{67A78863-594E-4EC5-B2C7-C663F59F35E4}.Release|Any CPU.ActiveCfg = Release|Any CPU
		{67A78863-594E-4EC5-B2C7-C663F59F35E4}.Release|Any CPU.Build.0 = Release|Any CPU
		{5E934F3B-2384-4939-8FF6-49F3A6E9776A}.Debug|Any CPU.ActiveCfg = Debug|Any CPU
		{5E934F3B-2384-4939-8FF6-49F3A6E9776A}.Debug|Any CPU.Build.0 = Debug|Any CPU
		{5E934F3B-2384-4939-8FF6-49F3A6E9776A}.Release|Any CPU.ActiveCfg = Release|Any CPU
		{5E934F3B-2384-4939-8FF6-49F3A6E9776A}.Release|Any CPU.Build.0 = Release|Any CPU
		{DDAA86AC-DA04-400D-AB61-D8757E945668}.Debug|Any CPU.ActiveCfg = Debug|Any CPU
		{DDAA86AC-DA04-400D-AB61-D8757E945668}.Debug|Any CPU.Build.0 = Debug|Any CPU
		{DDAA86AC-DA04-400D-AB61-D8757E945668}.Release|Any CPU.ActiveCfg = Release|Any CPU
		{DDAA86AC-DA04-400D-AB61-D8757E945668}.Release|Any CPU.Build.0 = Release|Any CPU
		{15C8101D-D687-43E6-A49D-BFB7011B174C}.Debug|Any CPU.ActiveCfg = Debug|Any CPU
		{15C8101D-D687-43E6-A49D-BFB7011B174C}.Debug|Any CPU.Build.0 = Debug|Any CPU
		{15C8101D-D687-43E6-A49D-BFB7011B174C}.Release|Any CPU.ActiveCfg = Release|Any CPU
		{15C8101D-D687-43E6-A49D-BFB7011B174C}.Release|Any CPU.Build.0 = Release|Any CPU
		{F9BF908F-F050-403D-8AD0-13F7DE1CB3FC}.Debug|Any CPU.ActiveCfg = Debug|Any CPU
		{F9BF908F-F050-403D-8AD0-13F7DE1CB3FC}.Debug|Any CPU.Build.0 = Debug|Any CPU
		{F9BF908F-F050-403D-8AD0-13F7DE1CB3FC}.Release|Any CPU.ActiveCfg = Release|Any CPU
		{F9BF908F-F050-403D-8AD0-13F7DE1CB3FC}.Release|Any CPU.Build.0 = Release|Any CPU
	EndGlobalSection
	GlobalSection(SolutionProperties) = preSolution
		HideSolutionNode = FALSE
	EndGlobalSection
	GlobalSection(ExtensibilityGlobals) = postSolution
		SolutionGuid = {2EE407B8-73B7-4F8C-8CEB-241868830CC1}
	EndGlobalSection
EndGlobal
